
Microsoft Visual Studio Solution File, Format Version 12.00
# Visual Studio Version 17
VisualStudioVersion = 17.0.31912.275
MinimumVisualStudioVersion = 10.0.40219.1
Project("{FAE04EC0-301F-11D3-BF4B-00C04F79EFBC}") = "ConsoleAppGitHub", "ConsoleAppGitHub\ConsoleAppGitHub.csproj", "{F1684054-BA83-476E-A15B-760276353C04}"
EndProject
Global
	GlobalSection(SolutionConfigurationPlatforms) = preSolution
		Debug|Any CPU = Debug|Any CPU
		Release|Any CPU = Release|Any CPU
	EndGlobalSection
	GlobalSection(ProjectConfigurationPlatforms) = postSolution
		{F1684054-BA83-476E-A15B-760276353C04}.Debug|Any CPU.ActiveCfg = Debug|Any CPU
		{F1684054-BA83-476E-A15B-760276353C04}.Debug|Any CPU.Build.0 = Debug|Any CPU
		{F1684054-BA83-476E-A15B-760276353C04}.Release|Any CPU.ActiveCfg = Release|Any CPU
		{F1684054-BA83-476E-A15B-760276353C04}.Release|Any CPU.Build.0 = Release|Any CPU
	EndGlobalSection
	GlobalSection(SolutionProperties) = preSolution
		HideSolutionNode = FALSE
	EndGlobalSection
	GlobalSection(ExtensibilityGlobals) = postSolution
		SolutionGuid = {EB7356F4-C800-4CCF-A31F-E85BF7694CEC}
	EndGlobalSection
EndGlobal
